// !$*UTF8*$!
{
	archiveVersion = 1;
	classes = {
	};
	objectVersion = 46;
	objects = {

/* Begin PBXBuildFile section */
		DD26BF1A1BE2A6AC002A3DF7 /* AppDelegate.swift in Sources */ = {isa = PBXBuildFile; fileRef = DD26BF191BE2A6AC002A3DF7 /* AppDelegate.swift */; };
		DD26BF1C1BE2A6AC002A3DF7 /* ViewController.swift in Sources */ = {isa = PBXBuildFile; fileRef = DD26BF1B1BE2A6AC002A3DF7 /* ViewController.swift */; };
		DD26BF1F1BE2A6AC002A3DF7 /* Main.storyboard in Resources */ = {isa = PBXBuildFile; fileRef = DD26BF1D1BE2A6AC002A3DF7 /* Main.storyboard */; };
		DD26BF211BE2A6AC002A3DF7 /* Assets.xcassets in Resources */ = {isa = PBXBuildFile; fileRef = DD26BF201BE2A6AC002A3DF7 /* Assets.xcassets */; };
		DD26BF241BE2A6AC002A3DF7 /* LaunchScreen.storyboard in Resources */ = {isa = PBXBuildFile; fileRef = DD26BF221BE2A6AC002A3DF7 /* LaunchScreen.storyboard */; };
/* End PBXBuildFile section */

/* Begin PBXFileReference section */
		DD26BF161BE2A6AC002A3DF7 /* SP_Photo.app */ = {isa = PBXFileReference; explicitFileType = wrapper.application; includeInIndex = 0; path = SP_Photo.app; sourceTree = BUILT_PRODUCTS_DIR; };
		DD26BF191BE2A6AC002A3DF7 /* AppDelegate.swift */ = {isa = PBXFileReference; lastKnownFileType = sourcecode.swift; path = AppDelegate.swift; sourceTree = "<group>"; };
		DD26BF1B1BE2A6AC002A3DF7 /* ViewController.swift */ = {isa = PBXFileReference; lastKnownFileType = sourcecode.swift; path = ViewController.swift; sourceTree = "<group>"; };
		DD26BF1E1BE2A6AC002A3DF7 /* Base */ = {isa = PBXFileReference; lastKnownFileType = file.storyboard; name = Base; path = Base.lproj/Main.storyboard; sourceTree = "<group>"; };
		DD26BF201BE2A6AC002A3DF7 /* Assets.xcassets */ = {isa = PBXFileReference; lastKnownFileType = folder.assetcatalog; path = Assets.xcassets; sourceTree = "<group>"; };
		DD26BF231BE2A6AC002A3DF7 /* Base */ = {isa = PBXFileReference; lastKnownFileType = file.storyboard; name = Base; path = Base.lproj/LaunchScreen.storyboard; sourceTree = "<group>"; };
		DD26BF251BE2A6AC002A3DF7 /* Info.plist */ = {isa = PBXFileReference; lastKnownFileType = text.plist.xml; path = Info.plist; sourceTree = "<group>"; };
/* End PBXFileReference section */

/* Begin PBXFrameworksBuildPhase section */
		DD26BF131BE2A6AC002A3DF7 /* Frameworks */ = {
			isa = PBXFrameworksBuildPhase;
			buildActionMask = 2147483647;
			files = (
			);
			runOnlyForDeploymentPostprocessing = 0;
		};
/* End PBXFrameworksBuildPhase section */

/* Begin PBXGroup section */
		DD26BF0D1BE2A6AC002A3DF7 = {
			isa = PBXGroup;
			children = (
				DD26BF181BE2A6AC002A3DF7 /* SP_Photo */,
				DD26BF171BE2A6AC002A3DF7 /* Products */,
			);
			sourceTree = "<group>";
		};
		DD26BF171BE2A6AC002A3DF7 /* Products */ = {
			isa = PBXGroup;
			children = (
				DD26BF161BE2A6AC002A3DF7 /* SP_Photo.app */,
			);
			name = Products;
			sourceTree = "<group>";
		};
		DD26BF181BE2A6AC002A3DF7 /* SP_Photo */ = {
			isa = PBXGroup;
			children = (
				DD26BF191BE2A6AC002A3DF7 /* AppDelegate.swift */,
				DD26BF1B1BE2A6AC002A3DF7 /* ViewController.swift */,
				DD26BF1D1BE2A6AC002A3DF7 /* Main.storyboard */,
				DD26BF201BE2A6AC002A3DF7 /* Assets.xcassets */,
				DD26BF221BE2A6AC002A3DF7 /* LaunchScreen.storyboard */,
				DD26BF251BE2A6AC002A3DF7 /* Info.plist */,
			);
			path = SP_Photo;
			sourceTree = "<group>";
		};
/* End PBXGroup section */

/* Begin PBXNativeTarget section */
		DD26BF151BE2A6AC002A3DF7 /* SP_Photo */ = {
			isa = PBXNativeTarget;
			buildConfigurationList = DD26BF281BE2A6AC002A3DF7 /* Build configuration list for PBXNativeTarget "SP_Photo" */;
			buildPhases = (
				DD26BF121BE2A6AC002A3DF7 /* Sources */,
				DD26BF131BE2A6AC002A3DF7 /* Frameworks */,
				DD26BF141BE2A6AC002A3DF7 /* Resources */,
			);
			buildRules = (
			);
			dependencies = (
			);
			name = SP_Photo;
			productName = SP_Photo;
			productReference = DD26BF161BE2A6AC002A3DF7 /* SP_Photo.app */;
			productType = "com.apple.product-type.application";
		};
/* End PBXNativeTarget section */

/* Begin PBXProject section */
		DD26BF0E1BE2A6AC002A3DF7 /* Project object */ = {
			isa = PBXProject;
			attributes = {
				LastUpgradeCheck = 0700;
				ORGANIZATIONNAME = "Siphamandla Simelane";
				TargetAttributes = {
					DD26BF151BE2A6AC002A3DF7 = {
						CreatedOnToolsVersion = 7.0;
						DevelopmentTeam = 4KEUG3883G;
					};
				};
			};
			buildConfigurationList = DD26BF111BE2A6AC002A3DF7 /* Build configuration list for PBXProject "SP_Photo" */;
			compatibilityVersion = "Xcode 3.2";
			developmentRegion = English;
			hasScannedForEncodings = 0;
			knownRegions = (
				en,
				Base,
			);
			mainGroup = DD26BF0D1BE2A6AC002A3DF7;
			productRefGroup = DD26BF171BE2A6AC002A3DF7 /* Products */;
			projectDirPath = "";
			projectRoot = "";
			targets = (
				DD26BF151BE2A6AC002A3DF7 /* SP_Photo */,
			);
		};
/* End PBXProject section */

/* Begin PBXResourcesBuildPhase section */
		DD26BF141BE2A6AC002A3DF7 /* Resources */ = {
			isa = PBXResourcesBuildPhase;
			buildActionMask = 2147483647;
			files = (
				DD26BF241BE2A6AC002A3DF7 /* LaunchScreen.storyboard in Resources */,
				DD26BF211BE2A6AC002A3DF7 /* Assets.xcassets in Resources */,
				DD26BF1F1BE2A6AC002A3DF7 /* Main.storyboard in Resources */,
			);
			runOnlyForDeploymentPostprocessing = 0;
		};
/* End PBXResourcesBuildPhase section */

/* Begin PBXSourcesBuildPhase section */
		DD26BF121BE2A6AC002A3DF7 /* Sources */ = {
			isa = PBXSourcesBuildPhase;
			buildActionMask = 2147483647;
			files = (
				DD26BF1C1BE2A6AC002A3DF7 /* ViewController.swift in Sources */,
				DD26BF1A1BE2A6AC002A3DF7 /* AppDelegate.swift in Sources */,
			);
			runOnlyForDeploymentPostprocessing = 0;
		};
/* End PBXSourcesBuildPhase section */

/* Begin PBXVariantGroup section */
		DD26BF1D1BE2A6AC002A3DF7 /* Main.storyboard */ = {
			isa = PBXVariantGroup;
			children = (
				DD26BF1E1BE2A6AC002A3DF7 /* Base */,
			);
			name = Main.storyboard;
			sourceTree = "<group>";
		};
		DD26BF221BE2A6AC002A3DF7 /* LaunchScreen.storyboard */ = {
			isa = PBXVariantGroup;
			children = (
				DD26BF231BE2A6AC002A3DF7 /* Base */,
			);
			name = LaunchScreen.storyboard;
			sourceTree = "<group>";
		};
/* End PBXVariantGroup section */

/* Begin XCBuildConfiguration section */
		DD26BF261BE2A6AC002A3DF7 /* Debug */ = {
			isa = XCBuildConfiguration;
			buildSettings = {
				ALWAYS_SEARCH_USER_PATHS = NO;
				CLANG_CXX_LANGUAGE_STANDARD = "gnu++0x";
				CLANG_CXX_LIBRARY = "libc++";
				CLANG_ENABLE_MODULES = YES;
				CLANG_ENABLE_OBJC_ARC = YES;
				CLANG_WARN_BOOL_CONVERSION = YES;
				CLANG_WARN_CONSTANT_CONVERSION = YES;
				CLANG_WARN_DIRECT_OBJC_ISA_USAGE = YES_ERROR;
				CLANG_WARN_EMPTY_BODY = YES;
				CLANG_WARN_ENUM_CONVERSION = YES;
				CLANG_WARN_INT_CONVERSION = YES;
				CLANG_WARN_OBJC_ROOT_CLASS = YES_ERROR;
				CLANG_WARN_UNREACHABLE_CODE = YES;
				CLANG_WARN__DUPLICATE_METHOD_MATCH = YES;
				"CODE_SIGN_IDENTITY[sdk=iphoneos*]" = "iPhone Developer";
				COPY_PHASE_STRIP = NO;
				DEBUG_INFORMATION_FORMAT = dwarf;
				ENABLE_STRICT_OBJC_MSGSEND = YES;
				ENABLE_TESTABILITY = YES;
				GCC_C_LANGUAGE_STANDARD = gnu99;
				GCC_DYNAMIC_NO_PIC = NO;
				GCC_NO_COMMON_BLOCKS = YES;
				GCC_OPTIMIZATION_LEVEL = 0;
				GCC_PREPROCESSOR_DEFINITIONS = (
					"DEBUG=1",
					"$(inherited)",
				);
				GCC_WARN_64_TO_32_BIT_CONVERSION = YES;
				GCC_WARN_ABOUT_RETURN_TYPE = YES_ERROR;
				GCC_WARN_UNDECLARED_SELECTOR = YES;
				GCC_WARN_UNINITIALIZED_AUTOS = YES_AGGRESSIVE;
				GCC_WARN_UNUSED_FUNCTION = YES;
				GCC_WARN_UNUSED_VARIABLE = YES;
				IPHONEOS_DEPLOYMENT_TARGET = 9.0;
				MTL_ENABLE_DEBUG_INFO = YES;
				ONLY_ACTIVE_ARCH = YES;
				SDKROOT = iphoneos;
				SWIFT_OPTIMIZATION_LEVEL = "-Onone";
			};
			name = Debug;
		};
		DD26BF271BE2A6AC002A3DF7 /* Release */ = {
			isa = XCBuildConfiguration;
			buildSettings = {
				ALWAYS_SEARCH_USER_PATHS = NO;
				CLANG_CXX_LANGUAGE_STANDARD = "gnu++0x";
				CLANG_CXX_LIBRARY = "libc++";
				CLANG_ENABLE_MODULES = YES;
				CLANG_ENABLE_OBJC_ARC = YES;
				CLANG_WARN_BOOL_CONVERSION = YES;
				CLANG_WARN_CONSTANT_CONVERSION = YES;
				CLANG_WARN_DIRECT_OBJC_ISA_USAGE = YES_ERROR;
				CLANG_WARN_EMPTY_BODY = YES;
				CLANG_WARN_ENUM_CONVERSION = YES;
				CLANG_WARN_INT_CONVERSION = YES;
				CLANG_WARN_OBJC_ROOT_CLASS = YES_ERROR;
				CLANG_WARN_UNREACHABLE_CODE = YES;
				CLANG_WARN__DUPLICATE_METHOD_MATCH = YES;
				"CODE_SIGN_IDENTITY[sdk=iphoneos*]" = "iPhone Developer";
				COPY_PHASE_STRIP = NO;
				DEBUG_INFORMATION_FORMAT = "dwarf-with-dsym";
				ENABLE_NS_ASSERTIONS = NO;
				ENABLE_STRICT_OBJC_MSGSEND = YES;
				GCC_C_LANGUAGE_STANDARD = gnu99;
				GCC_NO_COMMON_BLOCKS = YES;
				GCC_WARN_64_TO_32_BIT_CONVERSION = YES;
				GCC_WARN_ABOUT_RETURN_TYPE = YES_ERROR;
				GCC_WARN_UNDECLARED_SELECTOR = YES;
				GCC_WARN_UNINITIALIZED_AUTOS = YES_AGGRESSIVE;
				GCC_WARN_UNUSED_FUNCTION = YES;
				GCC_WARN_UNUSED_VARIABLE = YES;
				IPHONEOS_DEPLOYMENT_TARGET = 9.0;
				MTL_ENABLE_DEBUG_INFO = NO;
				SDKROOT = iphoneos;
				VALIDATE_PRODUCT = YES;
			};
			name = Release;
		};
		DD26BF291BE2A6AC002A3DF7 /* Debug */ = {
			isa = XCBuildConfiguration;
			buildSettings = {
				ASSETCATALOG_COMPILER_APPICON_NAME = AppIcon;
				CODE_SIGN_IDENTITY = "iPhone Developer";
				"CODE_SIGN_IDENTITY[sdk=iphoneos*]" = "iPhone Developer";
				INFOPLIST_FILE = SP_Photo/Info.plist;
				IPHONEOS_DEPLOYMENT_TARGET = 8.0;
				LD_RUNPATH_SEARCH_PATHS = "$(inherited) @executable_path/Frameworks";
				PRODUCT_BUNDLE_IDENTIFIER = "NMHU.SP-Photo";
				PRODUCT_NAME = "$(TARGET_NAME)";
				PROVISIONING_PROFILE = "";
				TARGETED_DEVICE_FAMILY = 2;
			};
			name = Debug;
		};
		DD26BF2A1BE2A6AC002A3DF7 /* Release */ = {
			isa = XCBuildConfiguration;
			buildSettings = {
				ASSETCATALOG_COMPILER_APPICON_NAME = AppIcon;
				CODE_SIGN_IDENTITY = "iPhone Developer";
				"CODE_SIGN_IDENTITY[sdk=iphoneos*]" = "iPhone Developer";
				INFOPLIST_FILE = SP_Photo/Info.plist;
				IPHONEOS_DEPLOYMENT_TARGET = 8.0;
				LD_RUNPATH_SEARCH_PATHS = "$(inherited) @executable_path/Frameworks";
				PRODUCT_BUNDLE_IDENTIFIER = "NMHU.SP-Photo";
				PRODUCT_NAME = "$(TARGET_NAME)";
				PROVISIONING_PROFILE = "";
				TARGETED_DEVICE_FAMILY = 2;
			};
			name = Release;
		};
/* End XCBuildConfiguration section */

/* Begin XCConfigurationList section */
		DD26BF111BE2A6AC002A3DF7 /* Build configuration list for PBXProject "SP_Photo" */ = {
			isa = XCConfigurationList;
			buildConfigurations = (
				DD26BF261BE2A6AC002A3DF7 /* Debug */,
				DD26BF271BE2A6AC002A3DF7 /* Release */,
			);
			defaultConfigurationIsVisible = 0;
			defaultConfigurationName = Release;
		};
		DD26BF281BE2A6AC002A3DF7 /* Build configuration list for PBXNativeTarget "SP_Photo" */ = {
			isa = XCConfigurationList;
			buildConfigurations = (
				DD26BF291BE2A6AC002A3DF7 /* Debug */,
				DD26BF2A1BE2A6AC002A3DF7 /* Release */,
			);
			defaultConfigurationIsVisible = 0;
			defaultConfigurationName = Release;
		};
/* End XCConfigurationList section */
	};
	rootObject = DD26BF0E1BE2A6AC002A3DF7 /* Project object */;
}
